
Microsoft Visual Studio Solution File, Format Version 12.00
Project("{FAE04EC0-301F-11D3-BF4B-00C04F79EFBC}") = "RottweilerVault.CLI", "RottweilerVault.CLI\RottweilerVault.CLI.csproj", "{59F88A1A-BA7D-4DEC-BFAE-D344521E0E74}"
EndProject
Project("{FAE04EC0-301F-11D3-BF4B-00C04F79EFBC}") = "RottweilerVault.FsBase", "RottweilerVault.FsBase\RottweilerVault.FsBase.csproj", "{6ECBBE8B-D5C1-4EF8-BC62-DC5EA42D25AF}"
EndProject
Project("{FAE04EC0-301F-11D3-BF4B-00C04F79EFBC}") = "RottweilerVault.DummyFs", "RottweilerVault.DummyFs\RottweilerVault.DummyFs.csproj", "{C5C1E05C-09FB-4A1C-BDC3-DB12F6435173}"
EndProject
Project("{FAE04EC0-301F-11D3-BF4B-00C04F79EFBC}") = "RottweilerVault.Ext2", "RottweilerVault.Ext2\RottweilerVault.Ext2.csproj", "{9CD4A79A-C709-41EB-8287-98681B2F0669}"
EndProject
Global
	GlobalSection(SolutionConfigurationPlatforms) = preSolution
		Debug|Any CPU = Debug|Any CPU
		Release|Any CPU = Release|Any CPU
	EndGlobalSection
	GlobalSection(ProjectConfigurationPlatforms) = postSolution
		{59F88A1A-BA7D-4DEC-BFAE-D344521E0E74}.Debug|Any CPU.ActiveCfg = Debug|Any CPU
		{59F88A1A-BA7D-4DEC-BFAE-D344521E0E74}.Debug|Any CPU.Build.0 = Debug|Any CPU
		{59F88A1A-BA7D-4DEC-BFAE-D344521E0E74}.Release|Any CPU.ActiveCfg = Release|Any CPU
		{59F88A1A-BA7D-4DEC-BFAE-D344521E0E74}.Release|Any CPU.Build.0 = Release|Any CPU
		{6ECBBE8B-D5C1-4EF8-BC62-DC5EA42D25AF}.Debug|Any CPU.ActiveCfg = Debug|Any CPU
		{6ECBBE8B-D5C1-4EF8-BC62-DC5EA42D25AF}.Debug|Any CPU.Build.0 = Debug|Any CPU
		{6ECBBE8B-D5C1-4EF8-BC62-DC5EA42D25AF}.Release|Any CPU.ActiveCfg = Release|Any CPU
		{6ECBBE8B-D5C1-4EF8-BC62-DC5EA42D25AF}.Release|Any CPU.Build.0 = Release|Any CPU
		{C5C1E05C-09FB-4A1C-BDC3-DB12F6435173}.Debug|Any CPU.ActiveCfg = Debug|Any CPU
		{C5C1E05C-09FB-4A1C-BDC3-DB12F6435173}.Debug|Any CPU.Build.0 = Debug|Any CPU
		{C5C1E05C-09FB-4A1C-BDC3-DB12F6435173}.Release|Any CPU.ActiveCfg = Release|Any CPU
		{C5C1E05C-09FB-4A1C-BDC3-DB12F6435173}.Release|Any CPU.Build.0 = Release|Any CPU
		{9CD4A79A-C709-41EB-8287-98681B2F0669}.Debug|Any CPU.ActiveCfg = Debug|Any CPU
		{9CD4A79A-C709-41EB-8287-98681B2F0669}.Debug|Any CPU.Build.0 = Debug|Any CPU
		{9CD4A79A-C709-41EB-8287-98681B2F0669}.Release|Any CPU.ActiveCfg = Release|Any CPU
		{9CD4A79A-C709-41EB-8287-98681B2F0669}.Release|Any CPU.Build.0 = Release|Any CPU
	EndGlobalSection
EndGlobal
